{
  "name": "electron-log-discord",
  "version": "1.0.0",
  "lockfileVersion": 3,
  "requires": true,
  "packages": {
    "": {
      "name": "electron-log-discord",
      "version": "1.0.0",
      "license": "ISC",
      "devDependencies": {
        "electron-log": "^4.4.8"
      }
    },
    "node_modules/electron-log": {
      "version": "4.4.8",
      "resolved": "https://registry.npmjs.org/electron-log/-/electron-log-4.4.8.tgz",
      "integrity": "sha512-QQ4GvrXO+HkgqqEOYbi+DHL7hj5JM+nHi/j+qrN9zeeXVKy8ZABgbu4CnG+BBqDZ2+tbeq9tUC4DZfIWFU5AZA==",
      "dev": true
    }
  }
}
